
Microsoft Visual Studio Solution File, Format Version 12.00
# Visual Studio Version 16
VisualStudioVersion = 16.0.29911.84
MinimumVisualStudioVersion = 10.0.40219.1
Project("{FAE04EC0-301F-11D3-BF4B-00C04F79EFBC}") = "LV4", "LV4\LV4.csproj", "{BBDB6948-5441-4E7E-8FA4-FDF861297ED9}"
EndProject
Global
	GlobalSection(SolutionConfigurationPlatforms) = preSolution
		Debug|Any CPU = Debug|Any CPU
		Release|Any CPU = Release|Any CPU
	EndGlobalSection
	GlobalSection(ProjectConfigurationPlatforms) = postSolution
		{BBDB6948-5441-4E7E-8FA4-FDF861297ED9}.Debug|Any CPU.ActiveCfg = Debug|Any CPU
		{BBDB6948-5441-4E7E-8FA4-FDF861297ED9}.Debug|Any CPU.Build.0 = Debug|Any CPU
		{BBDB6948-5441-4E7E-8FA4-FDF861297ED9}.Release|Any CPU.ActiveCfg = Release|Any CPU
		{BBDB6948-5441-4E7E-8FA4-FDF861297ED9}.Release|Any CPU.Build.0 = Release|Any CPU
	EndGlobalSection
	GlobalSection(SolutionProperties) = preSolution
		HideSolutionNode = FALSE
	EndGlobalSection
	GlobalSection(ExtensibilityGlobals) = postSolution
		SolutionGuid = {984F2E57-F293-4116-9EDD-A36997A66327}
	EndGlobalSection
EndGlobal
